// !$*UTF8*$!
{
	archiveVersion = 1;
	classes = {
	};
	objectVersion = 56;
	objects = {

/* Begin PBXBuildFile section */
		8367FA532A5065430022DCB5 /* SentMemesTableViewController.swift in Sources */ = {isa = PBXBuildFile; fileRef = 8367FA522A5065430022DCB5 /* SentMemesTableViewController.swift */; };
		8367FA552A50656B0022DCB5 /* MemeCollectionViewController.swift in Sources */ = {isa = PBXBuildFile; fileRef = 8367FA542A50656B0022DCB5 /* MemeCollectionViewController.swift */; };
		8367FA572A5067EF0022DCB5 /* MemeTableCell.swift in Sources */ = {isa = PBXBuildFile; fileRef = 8367FA562A5067EF0022DCB5 /* MemeTableCell.swift */; };
		8367FA592A5068190022DCB5 /* MemeCollectionCell.swift in Sources */ = {isa = PBXBuildFile; fileRef = 8367FA582A5068190022DCB5 /* MemeCollectionCell.swift */; };
		8367FA5B2A5073240022DCB5 /* MemeDetailViewController.swift in Sources */ = {isa = PBXBuildFile; fileRef = 8367FA5A2A5073240022DCB5 /* MemeDetailViewController.swift */; };
		8367FA5D2A50739F0022DCB5 /* Utils.swift in Sources */ = {isa = PBXBuildFile; fileRef = 8367FA5C2A50739F0022DCB5 /* Utils.swift */; };
		83BAB43D2A485BF500D363F1 /* AppDelegate.swift in Sources */ = {isa = PBXBuildFile; fileRef = 83BAB43C2A485BF500D363F1 /* AppDelegate.swift */; };
		83BAB43F2A485BF500D363F1 /* SceneDelegate.swift in Sources */ = {isa = PBXBuildFile; fileRef = 83BAB43E2A485BF500D363F1 /* SceneDelegate.swift */; };
		83BAB4412A485BF500D363F1 /* EditMemeViewController.swift in Sources */ = {isa = PBXBuildFile; fileRef = 83BAB4402A485BF500D363F1 /* EditMemeViewController.swift */; };
		83BAB4442A485BF500D363F1 /* Main.storyboard in Resources */ = {isa = PBXBuildFile; fileRef = 83BAB4422A485BF500D363F1 /* Main.storyboard */; };
		83BAB4462A485BF600D363F1 /* Assets.xcassets in Resources */ = {isa = PBXBuildFile; fileRef = 83BAB4452A485BF600D363F1 /* Assets.xcassets */; };
		83BAB4492A485BF600D363F1 /* LaunchScreen.storyboard in Resources */ = {isa = PBXBuildFile; fileRef = 83BAB4472A485BF600D363F1 /* LaunchScreen.storyboard */; };
		83BAB4542A485BF600D363F1 /* Meme1_1Tests.swift in Sources */ = {isa = PBXBuildFile; fileRef = 83BAB4532A485BF600D363F1 /* Meme1_1Tests.swift */; };
		83BAB45E2A485BF600D363F1 /* Meme1_1UITests.swift in Sources */ = {isa = PBXBuildFile; fileRef = 83BAB45D2A485BF600D363F1 /* Meme1_1UITests.swift */; };
		83BAB4602A485BF600D363F1 /* Meme1_1UITestsLaunchTests.swift in Sources */ = {isa = PBXBuildFile; fileRef = 83BAB45F2A485BF600D363F1 /* Meme1_1UITestsLaunchTests.swift */; };
		83BAB46D2A489B4700D363F1 /* Meme.swift in Sources */ = {isa = PBXBuildFile; fileRef = 83BAB46C2A489B4700D363F1 /* Meme.swift */; };
/* End PBXBuildFile section */

/* Begin PBXContainerItemProxy section */
		83BAB4502A485BF600D363F1 /* PBXContainerItemProxy */ = {
			isa = PBXContainerItemProxy;
			containerPortal = 83BAB4312A485BF400D363F1 /* Project object */;
			proxyType = 1;
			remoteGlobalIDString = 83BAB4382A485BF500D363F1;
			remoteInfo = Meme1.1;
		};
		83BAB45A2A485BF600D363F1 /* PBXContainerItemProxy */ = {
			isa = PBXContainerItemProxy;
			containerPortal = 83BAB4312A485BF400D363F1 /* Project object */;
			proxyType = 1;
			remoteGlobalIDString = 83BAB4382A485BF500D363F1;
			remoteInfo = Meme1.1;
		};
/* End PBXContainerItemProxy section */

/* Begin PBXFileReference section */
		8367FA522A5065430022DCB5 /* SentMemesTableViewController.swift */ = {isa = PBXFileReference; lastKnownFileType = sourcecode.swift; path = SentMemesTableViewController.swift; sourceTree = "<group>"; };
		8367FA542A50656B0022DCB5 /* MemeCollectionViewController.swift */ = {isa = PBXFileReference; lastKnownFileType = sourcecode.swift; path = MemeCollectionViewController.swift; sourceTree = "<group>"; };
		8367FA562A5067EF0022DCB5 /* MemeTableCell.swift */ = {isa = PBXFileReference; lastKnownFileType = sourcecode.swift; path = MemeTableCell.swift; sourceTree = "<group>"; };
		8367FA582A5068190022DCB5 /* MemeCollectionCell.swift */ = {isa = PBXFileReference; lastKnownFileType = sourcecode.swift; path = MemeCollectionCell.swift; sourceTree = "<group>"; };
		8367FA5A2A5073240022DCB5 /* MemeDetailViewController.swift */ = {isa = PBXFileReference; lastKnownFileType = sourcecode.swift; path = MemeDetailViewController.swift; sourceTree = "<group>"; };
		8367FA5C2A50739F0022DCB5 /* Utils.swift */ = {isa = PBXFileReference; lastKnownFileType = sourcecode.swift; path = Utils.swift; sourceTree = "<group>"; };
		83BAB4392A485BF500D363F1 /* Meme1.1.app */ = {isa = PBXFileReference; explicitFileType = wrapper.application; includeInIndex = 0; path = Meme1.1.app; sourceTree = BUILT_PRODUCTS_DIR; };
		83BAB43C2A485BF500D363F1 /* AppDelegate.swift */ = {isa = PBXFileReference; lastKnownFileType = sourcecode.swift; path = AppDelegate.swift; sourceTree = "<group>"; };
		83BAB43E2A485BF500D363F1 /* SceneDelegate.swift */ = {isa = PBXFileReference; lastKnownFileType = sourcecode.swift; path = SceneDelegate.swift; sourceTree = "<group>"; };
		83BAB4402A485BF500D363F1 /* EditMemeViewController.swift */ = {isa = PBXFileReference; lastKnownFileType = sourcecode.swift; path = EditMemeViewController.swift; sourceTree = "<group>"; };
		83BAB4432A485BF500D363F1 /* Base */ = {isa = PBXFileReference; lastKnownFileType = file.storyboard; name = Base; path = Base.lproj/Main.storyboard; sourceTree = "<group>"; };
		83BAB4452A485BF600D363F1 /* Assets.xcassets */ = {isa = PBXFileReference; lastKnownFileType = folder.assetcatalog; path = Assets.xcassets; sourceTree = "<group>"; };
		83BAB4482A485BF600D363F1 /* Base */ = {isa = PBXFileReference; lastKnownFileType = file.storyboard; name = Base; path = Base.lproj/LaunchScreen.storyboard; sourceTree = "<group>"; };
		83BAB44A2A485BF600D363F1 /* Info.plist */ = {isa = PBXFileReference; lastKnownFileType = text.plist.xml; path = Info.plist; sourceTree = "<group>"; };
		83BAB44F2A485BF600D363F1 /* Meme1.1Tests.xctest */ = {isa = PBXFileReference; explicitFileType = wrapper.cfbundle; includeInIndex = 0; path = Meme1.1Tests.xctest; sourceTree = BUILT_PRODUCTS_DIR; };
		83BAB4532A485BF600D363F1 /* Meme1_1Tests.swift */ = {isa = PBXFileReference; lastKnownFileType = sourcecode.swift; path = Meme1_1Tests.swift; sourceTree = "<group>"; };
		83BAB4592A485BF600D363F1 /* Meme1.1UITests.xctest */ = {isa = PBXFileReference; explicitFileType = wrapper.cfbundle; includeInIndex = 0; path = Meme1.1UITests.xctest; sourceTree = BUILT_PRODUCTS_DIR; };
		83BAB45D2A485BF600D363F1 /* Meme1_1UITests.swift */ = {isa = PBXFileReference; lastKnownFileType = sourcecode.swift; path = Meme1_1UITests.swift; sourceTree = "<group>"; };
		83BAB45F2A485BF600D363F1 /* Meme1_1UITestsLaunchTests.swift */ = {isa = PBXFileReference; lastKnownFileType = sourcecode.swift; path = Meme1_1UITestsLaunchTests.swift; sourceTree = "<group>"; };
		83BAB46C2A489B4700D363F1 /* Meme.swift */ = {isa = PBXFileReference; lastKnownFileType = sourcecode.swift; path = Meme.swift; sourceTree = "<group>"; };
/* End PBXFileReference section */

/* Begin PBXFrameworksBuildPhase section */
		83BAB4362A485BF500D363F1 /* Frameworks */ = {
			isa = PBXFrameworksBuildPhase;
			buildActionMask = 2147483647;
			files = (
			);
			runOnlyForDeploymentPostprocessing = 0;
		};
		83BAB44C2A485BF600D363F1 /* Frameworks */ = {
			isa = PBXFrameworksBuildPhase;
			buildActionMask = 2147483647;
			files = (
			);
			runOnlyForDeploymentPostprocessing = 0;
		};
		83BAB4562A485BF600D363F1 /* Frameworks */ = {
			isa = PBXFrameworksBuildPhase;
			buildActionMask = 2147483647;
			files = (
			);
			runOnlyForDeploymentPostprocessing = 0;
		};
/* End PBXFrameworksBuildPhase section */

/* Begin PBXGroup section */
		83BAB4302A485BF400D363F1 = {
			isa = PBXGroup;
			children = (
				83BAB43B2A485BF500D363F1 /* Meme1.1 */,
				83BAB4522A485BF600D363F1 /* Meme1.1Tests */,
				83BAB45C2A485BF600D363F1 /* Meme1.1UITests */,
				83BAB43A2A485BF500D363F1 /* Products */,
			);
			sourceTree = "<group>";
		};
		83BAB43A2A485BF500D363F1 /* Products */ = {
			isa = PBXGroup;
			children = (
				83BAB4392A485BF500D363F1 /* Meme1.1.app */,
				83BAB44F2A485BF600D363F1 /* Meme1.1Tests.xctest */,
				83BAB4592A485BF600D363F1 /* Meme1.1UITests.xctest */,
			);
			name = Products;
			sourceTree = "<group>";
		};
		83BAB43B2A485BF500D363F1 /* Meme1.1 */ = {
			isa = PBXGroup;
			children = (
				83BAB43C2A485BF500D363F1 /* AppDelegate.swift */,
				83BAB43E2A485BF500D363F1 /* SceneDelegate.swift */,
				83BAB4402A485BF500D363F1 /* EditMemeViewController.swift */,
				83BAB4422A485BF500D363F1 /* Main.storyboard */,
				83BAB4452A485BF600D363F1 /* Assets.xcassets */,
				83BAB4472A485BF600D363F1 /* LaunchScreen.storyboard */,
				83BAB44A2A485BF600D363F1 /* Info.plist */,
				83BAB46C2A489B4700D363F1 /* Meme.swift */,
				8367FA522A5065430022DCB5 /* SentMemesTableViewController.swift */,
				8367FA542A50656B0022DCB5 /* MemeCollectionViewController.swift */,
				8367FA562A5067EF0022DCB5 /* MemeTableCell.swift */,
				8367FA582A5068190022DCB5 /* MemeCollectionCell.swift */,
				8367FA5A2A5073240022DCB5 /* MemeDetailViewController.swift */,
				8367FA5C2A50739F0022DCB5 /* Utils.swift */,
			);
			path = Meme1.1;
			sourceTree = "<group>";
		};
		83BAB4522A485BF600D363F1 /* Meme1.1Tests */ = {
			isa = PBXGroup;
			children = (
				83BAB4532A485BF600D363F1 /* Meme1_1Tests.swift */,
			);
			path = Meme1.1Tests;
			sourceTree = "<group>";
		};
		83BAB45C2A485BF600D363F1 /* Meme1.1UITests */ = {
			isa = PBXGroup;
			children = (
				83BAB45D2A485BF600D363F1 /* Meme1_1UITests.swift */,
				83BAB45F2A485BF600D363F1 /* Meme1_1UITestsLaunchTests.swift */,
			);
			path = Meme1.1UITests;
			sourceTree = "<group>";
		};
/* End PBXGroup section */

/* Begin PBXNativeTarget section */
		83BAB4382A485BF500D363F1 /* Meme1.1 */ = {
			isa = PBXNativeTarget;
			buildConfigurationList = 83BAB4632A485BF600D363F1 /* Build configuration list for PBXNativeTarget "Meme1.1" */;
			buildPhases = (
				83BAB4352A485BF500D363F1 /* Sources */,
				83BAB4362A485BF500D363F1 /* Frameworks */,
				83BAB4372A485BF500D363F1 /* Resources */,
			);
			buildRules = (
			);
			dependencies = (
			);
			name = Meme1.1;
			productName = Meme1.1;
			productReference = 83BAB4392A485BF500D363F1 /* Meme1.1.app */;
			productType = "com.apple.product-type.application";
		};
		83BAB44E2A485BF600D363F1 /* Meme1.1Tests */ = {
			isa = PBXNativeTarget;
			buildConfigurationList = 83BAB4662A485BF600D363F1 /* Build configuration list for PBXNativeTarget "Meme1.1Tests" */;
			buildPhases = (
				83BAB44B2A485BF600D363F1 /* Sources */,
				83BAB44C2A485BF600D363F1 /* Frameworks */,
				83BAB44D2A485BF600D363F1 /* Resources */,
			);
			buildRules = (
			);
			dependencies = (
				83BAB4512A485BF600D363F1 /* PBXTargetDependency */,
			);
			name = Meme1.1Tests;
			productName = Meme1.1Tests;
			productReference = 83BAB44F2A485BF600D363F1 /* Meme1.1Tests.xctest */;
			productType = "com.apple.product-type.bundle.unit-test";
		};
		83BAB4582A485BF600D363F1 /* Meme1.1UITests */ = {
			isa = PBXNativeTarget;
			buildConfigurationList = 83BAB4692A485BF600D363F1 /* Build configuration list for PBXNativeTarget "Meme1.1UITests" */;
			buildPhases = (
				83BAB4552A485BF600D363F1 /* Sources */,
				83BAB4562A485BF600D363F1 /* Frameworks */,
				83BAB4572A485BF600D363F1 /* Resources */,
			);
			buildRules = (
			);
			dependencies = (
				83BAB45B2A485BF600D363F1 /* PBXTargetDependency */,
			);
			name = Meme1.1UITests;
			productName = Meme1.1UITests;
			productReference = 83BAB4592A485BF600D363F1 /* Meme1.1UITests.xctest */;
			productType = "com.apple.product-type.bundle.ui-testing";
		};
/* End PBXNativeTarget section */

/* Begin PBXProject section */
		83BAB4312A485BF400D363F1 /* Project object */ = {
			isa = PBXProject;
			attributes = {
				BuildIndependentTargetsInParallel = 1;
				LastSwiftUpdateCheck = 1430;
				LastUpgradeCheck = 1430;
				TargetAttributes = {
					83BAB4382A485BF500D363F1 = {
						CreatedOnToolsVersion = 14.3.1;
					};
					83BAB44E2A485BF600D363F1 = {
						CreatedOnToolsVersion = 14.3.1;
						TestTargetID = 83BAB4382A485BF500D363F1;
					};
					83BAB4582A485BF600D363F1 = {
						CreatedOnToolsVersion = 14.3.1;
						TestTargetID = 83BAB4382A485BF500D363F1;
					};
				};
			};
			buildConfigurationList = 83BAB4342A485BF500D363F1 /* Build configuration list for PBXProject "Meme1.1" */;
			compatibilityVersion = "Xcode 14.0";
			developmentRegion = en;
			hasScannedForEncodings = 0;
			knownRegions = (
				en,
				Base,
			);
			mainGroup = 83BAB4302A485BF400D363F1;
			productRefGroup = 83BAB43A2A485BF500D363F1 /* Products */;
			projectDirPath = "";
			projectRoot = "";
			targets = (
				83BAB4382A485BF500D363F1 /* Meme1.1 */,
				83BAB44E2A485BF600D363F1 /* Meme1.1Tests */,
				83BAB4582A485BF600D363F1 /* Meme1.1UITests */,
			);
		};
/* End PBXProject section */

/* Begin PBXResourcesBuildPhase section */
		83BAB4372A485BF500D363F1 /* Resources */ = {
			isa = PBXResourcesBuildPhase;
			buildActionMask = 2147483647;
			files = (
				83BAB4492A485BF600D363F1 /* LaunchScreen.storyboard in Resources */,
				83BAB4462A485BF600D363F1 /* Assets.xcassets in Resources */,
				83BAB4442A485BF500D363F1 /* Main.storyboard in Resources */,
			);
			runOnlyForDeploymentPostprocessing = 0;
		};
		83BAB44D2A485BF600D363F1 /* Resources */ = {
			isa = PBXResourcesBuildPhase;
			buildActionMask = 2147483647;
			files = (
			);
			runOnlyForDeploymentPostprocessing = 0;
		};
		83BAB4572A485BF600D363F1 /* Resources */ = {
			isa = PBXResourcesBuildPhase;
			buildActionMask = 2147483647;
			files = (
			);
			runOnlyForDeploymentPostprocessing = 0;
		};
/* End PBXResourcesBuildPhase section */

/* Begin PBXSourcesBuildPhase section */
		83BAB4352A485BF500D363F1 /* Sources */ = {
			isa = PBXSourcesBuildPhase;
			buildActionMask = 2147483647;
			files = (
				8367FA5B2A5073240022DCB5 /* MemeDetailViewController.swift in Sources */,
				8367FA552A50656B0022DCB5 /* MemeCollectionViewController.swift in Sources */,
				8367FA572A5067EF0022DCB5 /* MemeTableCell.swift in Sources */,
				83BAB4412A485BF500D363F1 /* EditMemeViewController.swift in Sources */,
				8367FA592A5068190022DCB5 /* MemeCollectionCell.swift in Sources */,
				8367FA5D2A50739F0022DCB5 /* Utils.swift in Sources */,
				83BAB46D2A489B4700D363F1 /* Meme.swift in Sources */,
				83BAB43D2A485BF500D363F1 /* AppDelegate.swift in Sources */,
				8367FA532A5065430022DCB5 /* SentMemesTableViewController.swift in Sources */,
				83BAB43F2A485BF500D363F1 /* SceneDelegate.swift in Sources */,
			);
			runOnlyForDeploymentPostprocessing = 0;
		};
		83BAB44B2A485BF600D363F1 /* Sources */ = {
			isa = PBXSourcesBuildPhase;
			buildActionMask = 2147483647;
			files = (
				83BAB4542A485BF600D363F1 /* Meme1_1Tests.swift in Sources */,
			);
			runOnlyForDeploymentPostprocessing = 0;
		};
		83BAB4552A485BF600D363F1 /* Sources */ = {
			isa = PBXSourcesBuildPhase;
			buildActionMask = 2147483647;
			files = (
				83BAB4602A485BF600D363F1 /* Meme1_1UITestsLaunchTests.swift in Sources */,
				83BAB45E2A485BF600D363F1 /* Meme1_1UITests.swift in Sources */,
			);
			runOnlyForDeploymentPostprocessing = 0;
		};
/* End PBXSourcesBuildPhase section */

/* Begin PBXTargetDependency section */
		83BAB4512A485BF600D363F1 /* PBXTargetDependency */ = {
			isa = PBXTargetDependency;
			target = 83BAB4382A485BF500D363F1 /* Meme1.1 */;
			targetProxy = 83BAB4502A485BF600D363F1 /* PBXContainerItemProxy */;
		};
		83BAB45B2A485BF600D363F1 /* PBXTargetDependency */ = {
			isa = PBXTargetDependency;
			target = 83BAB4382A485BF500D363F1 /* Meme1.1 */;
			targetProxy = 83BAB45A2A485BF600D363F1 /* PBXContainerItemProxy */;
		};
/* End PBXTargetDependency section */

/* Begin PBXVariantGroup section */
		83BAB4422A485BF500D363F1 /* Main.storyboard */ = {
			isa = PBXVariantGroup;
			children = (
				83BAB4432A485BF500D363F1 /* Base */,
			);
			name = Main.storyboard;
			sourceTree = "<group>";
		};
		83BAB4472A485BF600D363F1 /* LaunchScreen.storyboard */ = {
			isa = PBXVariantGroup;
			children = (
				83BAB4482A485BF600D363F1 /* Base */,
			);
			name = LaunchScreen.storyboard;
			sourceTree = "<group>";
		};
/* End PBXVariantGroup section */

/* Begin XCBuildConfiguration section */
		83BAB4612A485BF600D363F1 /* Debug */ = {
			isa = XCBuildConfiguration;
			buildSettings = {
				ALWAYS_SEARCH_USER_PATHS = NO;
				CLANG_ANALYZER_NONNULL = YES;
				CLANG_ANALYZER_NUMBER_OBJECT_CONVERSION = YES_AGGRESSIVE;
				CLANG_CXX_LANGUAGE_STANDARD = "gnu++20";
				CLANG_ENABLE_MODULES = YES;
				CLANG_ENABLE_OBJC_ARC = YES;
				CLANG_ENABLE_OBJC_WEAK = YES;
				CLANG_WARN_BLOCK_CAPTURE_AUTORELEASING = YES;
				CLANG_WARN_BOOL_CONVERSION = YES;
				CLANG_WARN_COMMA = YES;
				CLANG_WARN_CONSTANT_CONVERSION = YES;
				CLANG_WARN_DEPRECATED_OBJC_IMPLEMENTATIONS = YES;
				CLANG_WARN_DIRECT_OBJC_ISA_USAGE = YES_ERROR;
				CLANG_WARN_DOCUMENTATION_COMMENTS = YES;
				CLANG_WARN_EMPTY_BODY = YES;
				CLANG_WARN_ENUM_CONVERSION = YES;
				CLANG_WARN_INFINITE_RECURSION = YES;
				CLANG_WARN_INT_CONVERSION = YES;
				CLANG_WARN_NON_LITERAL_NULL_CONVERSION = YES;
				CLANG_WARN_OBJC_IMPLICIT_RETAIN_SELF = YES;
				CLANG_WARN_OBJC_LITERAL_CONVERSION = YES;
				CLANG_WARN_OBJC_ROOT_CLASS = YES_ERROR;
				CLANG_WARN_QUOTED_INCLUDE_IN_FRAMEWORK_HEADER = YES;
				CLANG_WARN_RANGE_LOOP_ANALYSIS = YES;
				CLANG_WARN_STRICT_PROTOTYPES = YES;
				CLANG_WARN_SUSPICIOUS_MOVE = YES;
				CLANG_WARN_UNGUARDED_AVAILABILITY = YES_AGGRESSIVE;
				CLANG_WARN_UNREACHABLE_CODE = YES;
				CLANG_WARN__DUPLICATE_METHOD_MATCH = YES;
				COPY_PHASE_STRIP = NO;
				DEBUG_INFORMATION_FORMAT = dwarf;
				ENABLE_STRICT_OBJC_MSGSEND = YES;
				ENABLE_TESTABILITY = YES;
				GCC_C_LANGUAGE_STANDARD = gnu11;
				GCC_DYNAMIC_NO_PIC = NO;
				GCC_NO_COMMON_BLOCKS = YES;
				GCC_OPTIMIZATION_LEVEL = 0;
				GCC_PREPROCESSOR_DEFINITIONS = (
					"DEBUG=1",
					"$(inherited)",
				);
				GCC_WARN_64_TO_32_BIT_CONVERSION = YES;
				GCC_WARN_ABOUT_RETURN_TYPE = YES_ERROR;
				GCC_WARN_UNDECLARED_SELECTOR = YES;
				GCC_WARN_UNINITIALIZED_AUTOS = YES_AGGRESSIVE;
				GCC_WARN_UNUSED_FUNCTION = YES;
				GCC_WARN_UNUSED_VARIABLE = YES;
				IPHONEOS_DEPLOYMENT_TARGET = 16.4;
				MTL_ENABLE_DEBUG_INFO = INCLUDE_SOURCE;
				MTL_FAST_MATH = YES;
				ONLY_ACTIVE_ARCH = YES;
				SDKROOT = iphoneos;
				SWIFT_ACTIVE_COMPILATION_CONDITIONS = DEBUG;
				SWIFT_OPTIMIZATION_LEVEL = "-Onone";
			};
			name = Debug;
		};
		83BAB4622A485BF600D363F1 /* Release */ = {
			isa = XCBuildConfiguration;
			buildSettings = {
				ALWAYS_SEARCH_USER_PATHS = NO;
				CLANG_ANALYZER_NONNULL = YES;
				CLANG_ANALYZER_NUMBER_OBJECT_CONVERSION = YES_AGGRESSIVE;
				CLANG_CXX_LANGUAGE_STANDARD = "gnu++20";
				CLANG_ENABLE_MODULES = YES;
				CLANG_ENABLE_OBJC_ARC = YES;
				CLANG_ENABLE_OBJC_WEAK = YES;
				CLANG_WARN_BLOCK_CAPTURE_AUTORELEASING = YES;
				CLANG_WARN_BOOL_CONVERSION = YES;
				CLANG_WARN_COMMA = YES;
				CLANG_WARN_CONSTANT_CONVERSION = YES;
				CLANG_WARN_DEPRECATED_OBJC_IMPLEMENTATIONS = YES;
				CLANG_WARN_DIRECT_OBJC_ISA_USAGE = YES_ERROR;
				CLANG_WARN_DOCUMENTATION_COMMENTS = YES;
				CLANG_WARN_EMPTY_BODY = YES;
				CLANG_WARN_ENUM_CONVERSION = YES;
				CLANG_WARN_INFINITE_RECURSION = YES;
				CLANG_WARN_INT_CONVERSION = YES;
				CLANG_WARN_NON_LITERAL_NULL_CONVERSION = YES;
				CLANG_WARN_OBJC_IMPLICIT_RETAIN_SELF = YES;
				CLANG_WARN_OBJC_LITERAL_CONVERSION = YES;
				CLANG_WARN_OBJC_ROOT_CLASS = YES_ERROR;
				CLANG_WARN_QUOTED_INCLUDE_IN_FRAMEWORK_HEADER = YES;
				CLANG_WARN_RANGE_LOOP_ANALYSIS = YES;
				CLANG_WARN_STRICT_PROTOTYPES = YES;
				CLANG_WARN_SUSPICIOUS_MOVE = YES;
				CLANG_WARN_UNGUARDED_AVAILABILITY = YES_AGGRESSIVE;
				CLANG_WARN_UNREACHABLE_CODE = YES;
				CLANG_WARN__DUPLICATE_METHOD_MATCH = YES;
				COPY_PHASE_STRIP = NO;
				DEBUG_INFORMATION_FORMAT = "dwarf-with-dsym";
				ENABLE_NS_ASSERTIONS = NO;
				ENABLE_STRICT_OBJC_MSGSEND = YES;
				GCC_C_LANGUAGE_STANDARD = gnu11;
				GCC_NO_COMMON_BLOCKS = YES;
				GCC_WARN_64_TO_32_BIT_CONVERSION = YES;
				GCC_WARN_ABOUT_RETURN_TYPE = YES_ERROR;
				GCC_WARN_UNDECLARED_SELECTOR = YES;
				GCC_WARN_UNINITIALIZED_AUTOS = YES_AGGRESSIVE;
				GCC_WARN_UNUSED_FUNCTION = YES;
				GCC_WARN_UNUSED_VARIABLE = YES;
				IPHONEOS_DEPLOYMENT_TARGET = 16.4;
				MTL_ENABLE_DEBUG_INFO = NO;
				MTL_FAST_MATH = YES;
				SDKROOT = iphoneos;
				SWIFT_COMPILATION_MODE = wholemodule;
				SWIFT_OPTIMIZATION_LEVEL = "-O";
				VALIDATE_PRODUCT = YES;
			};
			name = Release;
		};
		83BAB4642A485BF600D363F1 /* Debug */ = {
			isa = XCBuildConfiguration;
			buildSettings = {
				ASSETCATALOG_COMPILER_APPICON_NAME = AppIcon;
				ASSETCATALOG_COMPILER_GLOBAL_ACCENT_COLOR_NAME = AccentColor;
				CODE_SIGN_STYLE = Automatic;
				CURRENT_PROJECT_VERSION = 1;
				GENERATE_INFOPLIST_FILE = YES;
				INFOPLIST_FILE = Meme1.1/Info.plist;
				INFOPLIST_KEY_NSCameraUsageDescription = "This app requires access to the camera to take photos and videos.";
				INFOPLIST_KEY_NSPhotoLibraryUsageDescription = "This app requires access to the photo library to select and save photos.";
				INFOPLIST_KEY_UIApplicationSupportsIndirectInputEvents = YES;
				INFOPLIST_KEY_UILaunchStoryboardName = LaunchScreen;
				INFOPLIST_KEY_UIMainStoryboardFile = Main;
				INFOPLIST_KEY_UISupportedInterfaceOrientations_iPad = "UIInterfaceOrientationPortrait UIInterfaceOrientationPortraitUpsideDown UIInterfaceOrientationLandscapeLeft UIInterfaceOrientationLandscapeRight";
				LD_RUNPATH_SEARCH_PATHS = (
					"$(inherited)",
					"@executable_path/Frameworks",
				);
				MARKETING_VERSION = 1.0;
				PRODUCT_BUNDLE_IDENTIFIER = "com.guidoroos.Meme1-1";
				PRODUCT_NAME = "$(TARGET_NAME)";
				SWIFT_EMIT_LOC_STRINGS = YES;
				SWIFT_VERSION = 5.0;
				TARGETED_DEVICE_FAMILY = "1,2";
			};
			name = Debug;
		};
		83BAB4652A485BF600D363F1 /* Release */ = {
			isa = XCBuildConfiguration;
			buildSettings = {
				ASSETCATALOG_COMPILER_APPICON_NAME = AppIcon;
				ASSETCATALOG_COMPILER_GLOBAL_ACCENT_COLOR_NAME = AccentColor;
				CODE_SIGN_STYLE = Automatic;
				CURRENT_PROJECT_VERSION = 1;
				GENERATE_INFOPLIST_FILE = YES;
				INFOPLIST_FILE = Meme1.1/Info.plist;
				INFOPLIST_KEY_NSCameraUsageDescription = "This app requires access to the camera to take photos and videos.";
				INFOPLIST_KEY_NSPhotoLibraryUsageDescription = "This app requires access to the photo library to select and save photos.";
				INFOPLIST_KEY_UIApplicationSupportsIndirectInputEvents = YES;
				INFOPLIST_KEY_UILaunchStoryboardName = LaunchScreen;
				INFOPLIST_KEY_UIMainStoryboardFile = Main;
				INFOPLIST_KEY_UISupportedInterfaceOrientations_iPad = "UIInterfaceOrientationPortrait UIInterfaceOrientationPortraitUpsideDown UIInterfaceOrientationLandscapeLeft UIInterfaceOrientationLandscapeRight";
				LD_RUNPATH_SEARCH_PATHS = (
					"$(inherited)",
					"@executable_path/Frameworks",
				);
				MARKETING_VERSION = 1.0;
				PRODUCT_BUNDLE_IDENTIFIER = "com.guidoroos.Meme1-1";
				PRODUCT_NAME = "$(TARGET_NAME)";
				SWIFT_EMIT_LOC_STRINGS = YES;
				SWIFT_VERSION = 5.0;
				TARGETED_DEVICE_FAMILY = "1,2";
			};
			name = Release;
		};
		83BAB4672A485BF600D363F1 /* Debug */ = {
			isa = XCBuildConfiguration;
			buildSettings = {
				ALWAYS_EMBED_SWIFT_STANDARD_LIBRARIES = YES;
				BUNDLE_LOADER = "$(TEST_HOST)";
				CODE_SIGN_STYLE = Automatic;
				CURRENT_PROJECT_VERSION = 1;
				GENERATE_INFOPLIST_FILE = YES;
				IPHONEOS_DEPLOYMENT_TARGET = 16.4;
				MARKETING_VERSION = 1.0;
				PRODUCT_BUNDLE_IDENTIFIER = "com.guidoroos.Meme1-1Tests";
				PRODUCT_NAME = "$(TARGET_NAME)";
				SWIFT_EMIT_LOC_STRINGS = NO;
				SWIFT_VERSION = 5.0;
				TARGETED_DEVICE_FAMILY = "1,2";
				TEST_HOST = "$(BUILT_PRODUCTS_DIR)/Meme1.1.app/$(BUNDLE_EXECUTABLE_FOLDER_PATH)/Meme1.1";
			};
			name = Debug;
		};
		83BAB4682A485BF600D363F1 /* Release */ = {
			isa = XCBuildConfiguration;
			buildSettings = {
				ALWAYS_EMBED_SWIFT_STANDARD_LIBRARIES = YES;
				BUNDLE_LOADER = "$(TEST_HOST)";
				CODE_SIGN_STYLE = Automatic;
				CURRENT_PROJECT_VERSION = 1;
				GENERATE_INFOPLIST_FILE = YES;
				IPHONEOS_DEPLOYMENT_TARGET = 16.4;
				MARKETING_VERSION = 1.0;
				PRODUCT_BUNDLE_IDENTIFIER = "com.guidoroos.Meme1-1Tests";
				PRODUCT_NAME = "$(TARGET_NAME)";
				SWIFT_EMIT_LOC_STRINGS = NO;
				SWIFT_VERSION = 5.0;
				TARGETED_DEVICE_FAMILY = "1,2";
				TEST_HOST = "$(BUILT_PRODUCTS_DIR)/Meme1.1.app/$(BUNDLE_EXECUTABLE_FOLDER_PATH)/Meme1.1";
			};
			name = Release;
		};
		83BAB46A2A485BF600D363F1 /* Debug */ = {
			isa = XCBuildConfiguration;
			buildSettings = {
				ALWAYS_EMBED_SWIFT_STANDARD_LIBRARIES = YES;
				CODE_SIGN_STYLE = Automatic;
				CURRENT_PROJECT_VERSION = 1;
				GENERATE_INFOPLIST_FILE = YES;
				MARKETING_VERSION = 1.0;
				PRODUCT_BUNDLE_IDENTIFIER = "com.guidoroos.Meme1-1UITests";
				PRODUCT_NAME = "$(TARGET_NAME)";
				SWIFT_EMIT_LOC_STRINGS = NO;
				SWIFT_VERSION = 5.0;
				TARGETED_DEVICE_FAMILY = "1,2";
				TEST_TARGET_NAME = Meme1.1;
			};
			name = Debug;
		};
		83BAB46B2A485BF600D363F1 /* Release */ = {
			isa = XCBuildConfiguration;
			buildSettings = {
				ALWAYS_EMBED_SWIFT_STANDARD_LIBRARIES = YES;
				CODE_SIGN_STYLE = Automatic;
				CURRENT_PROJECT_VERSION = 1;
				GENERATE_INFOPLIST_FILE = YES;
				MARKETING_VERSION = 1.0;
				PRODUCT_BUNDLE_IDENTIFIER = "com.guidoroos.Meme1-1UITests";
				PRODUCT_NAME = "$(TARGET_NAME)";
				SWIFT_EMIT_LOC_STRINGS = NO;
				SWIFT_VERSION = 5.0;
				TARGETED_DEVICE_FAMILY = "1,2";
				TEST_TARGET_NAME = Meme1.1;
			};
			name = Release;
		};
/* End XCBuildConfiguration section */

/* Begin XCConfigurationList section */
		83BAB4342A485BF500D363F1 /* Build configuration list for PBXProject "Meme1.1" */ = {
			isa = XCConfigurationList;
			buildConfigurations = (
				83BAB4612A485BF600D363F1 /* Debug */,
				83BAB4622A485BF600D363F1 /* Release */,
			);
			defaultConfigurationIsVisible = 0;
			defaultConfigurationName = Release;
		};
		83BAB4632A485BF600D363F1 /* Build configuration list for PBXNativeTarget "Meme1.1" */ = {
			isa = XCConfigurationList;
			buildConfigurations = (
				83BAB4642A485BF600D363F1 /* Debug */,
				83BAB4652A485BF600D363F1 /* Release */,
			);
			defaultConfigurationIsVisible = 0;
			defaultConfigurationName = Release;
		};
		83BAB4662A485BF600D363F1 /* Build configuration list for PBXNativeTarget "Meme1.1Tests" */ = {
			isa = XCConfigurationList;
			buildConfigurations = (
				83BAB4672A485BF600D363F1 /* Debug */,
				83BAB4682A485BF600D363F1 /* Release */,
			);
			defaultConfigurationIsVisible = 0;
			defaultConfigurationName = Release;
		};
		83BAB4692A485BF600D363F1 /* Build configuration list for PBXNativeTarget "Meme1.1UITests" */ = {
			isa = XCConfigurationList;
			buildConfigurations = (
				83BAB46A2A485BF600D363F1 /* Debug */,
				83BAB46B2A485BF600D363F1 /* Release */,
			);
			defaultConfigurationIsVisible = 0;
			defaultConfigurationName = Release;
		};
/* End XCConfigurationList section */
	};
	rootObject = 83BAB4312A485BF400D363F1 /* Project object */;
}
